{
  "name": "miniapp-server",
  "version": "1.0.0",
  "lockfileVersion": 1,
  "requires": true,
  "dependencies": {
    "ngeohash": {
      "version": "0.6.0",
      "resolved": "http://registry.npm.taobao.org/ngeohash/download/ngeohash-0.6.0.tgz",
      "integrity": "sha1-MpcT6ec9HxpG2SqrC5StuUUz9oc="
    }
  }
}
